
Microsoft Visual Studio Solution File, Format Version 12.00
# Visual Studio Version 17
VisualStudioVersion = 17.6.33815.320
MinimumVisualStudioVersion = 10.0.40219.1
Project("{FAE04EC0-301F-11D3-BF4B-00C04F79EFBC}") = "hymn_db_cs", "hymn_db_cs\hymn_db_cs.csproj", "{EC397421-9FD5-4DCE-B933-819CEB319E90}"
EndProject
Global
	GlobalSection(SolutionConfigurationPlatforms) = preSolution
		Debug|Any CPU = Debug|Any CPU
		Release|Any CPU = Release|Any CPU
	EndGlobalSection
	GlobalSection(ProjectConfigurationPlatforms) = postSolution
		{EC397421-9FD5-4DCE-B933-819CEB319E90}.Debug|Any CPU.ActiveCfg = Debug|Any CPU
		{EC397421-9FD5-4DCE-B933-819CEB319E90}.Debug|Any CPU.Build.0 = Debug|Any CPU
		{EC397421-9FD5-4DCE-B933-819CEB319E90}.Release|Any CPU.ActiveCfg = Release|Any CPU
		{EC397421-9FD5-4DCE-B933-819CEB319E90}.Release|Any CPU.Build.0 = Release|Any CPU
	EndGlobalSection
	GlobalSection(SolutionProperties) = preSolution
		HideSolutionNode = FALSE
	EndGlobalSection
	GlobalSection(ExtensibilityGlobals) = postSolution
		SolutionGuid = {3B00DC25-9C6A-422E-A400-591D76F1BAB3}
	EndGlobalSection
EndGlobal
